github.com/elastic/go-elasticsearch/v7 v7.13.1 h1:PaM3V69wPlnwR+ne50rSKKn0RNDYnnOFQcuGEI0ce80=
github.com/elastic/go-elasticsearch/v7 v7.13.1/go.mod h1:OJ4wdbtDNk5g503kvlHLyErCgQwwzmDtaFC4XyOxXA4=
github.com/relvacode/iso8601 v1.1.0 h1:2nV8sp0eOjpoKQ2vD3xSDygsjAx37NHG2UlZiCkDH4I=
github.com/relvacode/iso8601 v1.1.0/go.mod h1:FlNp+jz+TXpyRqgmM7tnzHHzBnz776kmAH2h3sZCn0I=
